# This file is generated by running "yarn install" inside your project.
# Manual changes might be lost - proceed with caution!

__metadata:
  version: 8
  cacheKey: 10

"@babel/runtime@npm:^7.23.8":
  version: 7.26.10
  resolution: "@babel/runtime@npm:7.26.10"
  dependencies:
    regenerator-runtime: "npm:^0.14.0"
  checksum: 10/9d7ff8e96abe3791047c1138789c742411e3ef19c4d7ca18ce916f83cec92c06ec5dc64401759f6dd1e377cf8a01bbd2c62e033eb7550f435cf6579768d0d4a5
  languageName: node
  linkType: hard

"@cspotcode/source-map-support@npm:^0.8.0":
  version: 0.8.1
  resolution: "@cspotcode/source-map-support@npm:0.8.1"
  dependencies:
    "@jridgewell/trace-mapping": "npm:0.3.9"
  checksum: 10/b6e38a1712fab242c86a241c229cf562195aad985d0564bd352ac404be583029e89e93028ffd2c251d2c407ecac5fb0cbdca94a2d5c10f29ac806ede0508b3ff
  languageName: node
  linkType: hard

"@globalfishingwatch/ocean-areas@workspace:.":
  version: 0.0.0-use.local
  resolution: "@globalfishingwatch/ocean-areas@workspace:."
  dependencies:
    "@turf/bbox": "npm:7.x"
    "@turf/boolean-point-in-polygon": "npm:7.x"
    "@turf/distance": "npm:7.x"
    "@turf/explode": "npm:7.x"
    "@turf/helpers": "npm:7.x"
    "@turf/nearest-point": "npm:7.x"
    "@types/lodash": "npm:4.x"
    "@types/node": "npm:20.x"
    geojson: "npm:0.x"
    lodash: "npm:4.x"
    match-sorter: "npm:6.x"
    ts-node: "npm:10.x"
    typescript: "npm:5.x"
  languageName: unknown
  linkType: soft

"@jridgewell/resolve-uri@npm:^3.0.3":
  version: 3.1.2
  resolution: "@jridgewell/resolve-uri@npm:3.1.2"
  checksum: 10/97106439d750a409c22c8bff822d648f6a71f3aa9bc8e5129efdc36343cd3096ddc4eeb1c62d2fe48e9bdd4db37b05d4646a17114ecebd3bbcacfa2de51c3c1d
  languageName: node
  linkType: hard

"@jridgewell/sourcemap-codec@npm:^1.4.10":
  version: 1.4.15
  resolution: "@jridgewell/sourcemap-codec@npm:1.4.15"
  checksum: 10/89960ac087781b961ad918978975bcdf2051cd1741880469783c42de64239703eab9db5230d776d8e6a09d73bb5e4cb964e07d93ee6e2e7aea5a7d726e865c09
  languageName: node
  linkType: hard

"@jridgewell/trace-mapping@npm:0.3.9":
  version: 0.3.9
  resolution: "@jridgewell/trace-mapping@npm:0.3.9"
  dependencies:
    "@jridgewell/resolve-uri": "npm:^3.0.3"
    "@jridgewell/sourcemap-codec": "npm:^1.4.10"
  checksum: 10/83deafb8e7a5ca98993c2c6eeaa93c270f6f647a4c0dc00deb38c9cf9b2d3b7bf15e8839540155247ef034a052c0ec4466f980bf0c9e2ab63b97d16c0cedd3ff
  languageName: node
  linkType: hard

"@tsconfig/node10@npm:^1.0.7":
  version: 1.0.11
  resolution: "@tsconfig/node10@npm:1.0.11"
  checksum: 10/51fe47d55fe1b80ec35e6e5ed30a13665fd3a531945350aa74a14a1e82875fb60b350c2f2a5e72a64831b1b6bc02acb6760c30b3738b54954ec2dea82db7a267
  languageName: node
  linkType: hard

"@tsconfig/node12@npm:^1.0.7":
  version: 1.0.11
  resolution: "@tsconfig/node12@npm:1.0.11"
  checksum: 10/5ce29a41b13e7897a58b8e2df11269c5395999e588b9a467386f99d1d26f6c77d1af2719e407621412520ea30517d718d5192a32403b8dfcc163bf33e40a338a
  languageName: node
  linkType: hard

"@tsconfig/node14@npm:^1.0.0":
  version: 1.0.3
  resolution: "@tsconfig/node14@npm:1.0.3"
  checksum: 10/19275fe80c4c8d0ad0abed6a96dbf00642e88b220b090418609c4376e1cef81bf16237bf170ad1b341452feddb8115d8dd2e5acdfdea1b27422071163dc9ba9d
  languageName: node
  linkType: hard

"@tsconfig/node16@npm:^1.0.2":
  version: 1.0.4
  resolution: "@tsconfig/node16@npm:1.0.4"
  checksum: 10/202319785901f942a6e1e476b872d421baec20cf09f4b266a1854060efbf78cde16a4d256e8bc949d31e6cd9a90f1e8ef8fb06af96a65e98338a2b6b0de0a0ff
  languageName: node
  linkType: hard

"@turf/bbox@npm:7.x":
  version: 7.2.0
  resolution: "@turf/bbox@npm:7.2.0"
  dependencies:
    "@turf/helpers": "npm:^7.2.0"
    "@turf/meta": "npm:^7.2.0"
    "@types/geojson": "npm:^7946.0.10"
    tslib: "npm:^2.8.1"
  checksum: 10/34dfb634d04bc20be292a211e0fdef610556bead4bb5a38174fe040c59f041b4a0e2f586148c2c8b88677b1c5af08a07de5745235233dbaa0197fd67bf21e0da
  languageName: node
  linkType: hard

"@turf/boolean-point-in-polygon@npm:7.x":
  version: 7.2.0
  resolution: "@turf/boolean-point-in-polygon@npm:7.2.0"
  dependencies:
    "@turf/helpers": "npm:^7.2.0"
    "@turf/invariant": "npm:^7.2.0"
    "@types/geojson": "npm:^7946.0.10"
    point-in-polygon-hao: "npm:^1.1.0"
    tslib: "npm:^2.8.1"
  checksum: 10/37624a62d88e7d8c39a37d774399e3a9322f8b544e708c5f6eb4ad34ed86f57c7ac1ef6fafcc66297eb77b44aa28cccb9c8c583bf317471d142c0fbefc4aeb9c
  languageName: node
  linkType: hard

"@turf/clone@npm:^7.2.0":
  version: 7.2.0
  resolution: "@turf/clone@npm:7.2.0"
  dependencies:
    "@turf/helpers": "npm:^7.2.0"
    "@types/geojson": "npm:^7946.0.10"
    tslib: "npm:^2.8.1"
  checksum: 10/bbca31a4595ed725db0d5b27673316d0bdc71a79edca607155cc62162d4e1056d994f9a0150ad07bafad8b29890064e2d3a6bd549004bd884cdd16cd924f4171
  languageName: node
  linkType: hard

"@turf/distance@npm:7.x, @turf/distance@npm:^7.2.0":
  version: 7.2.0
  resolution: "@turf/distance@npm:7.2.0"
  dependencies:
    "@turf/helpers": "npm:^7.2.0"
    "@turf/invariant": "npm:^7.2.0"
    "@types/geojson": "npm:^7946.0.10"
    tslib: "npm:^2.8.1"
  checksum: 10/0cd48d1fa6552396a635fbaac0c8221de773870ed69dc27982835d8cb4568ea524416138b728ebb2376cdf6e204c32b981d4818fa069f11a506aa8da8de9f54a
  languageName: node
  linkType: hard

"@turf/explode@npm:7.x":
  version: 7.2.0
  resolution: "@turf/explode@npm:7.2.0"
  dependencies:
    "@turf/helpers": "npm:^7.2.0"
    "@turf/meta": "npm:^7.2.0"
    "@types/geojson": "npm:^7946.0.10"
    tslib: "npm:^2.8.1"
  checksum: 10/9d8d54e9a3c11ce4abde79ac402b5945f5d4c947a45442e01a5e7835b87c56bf8154b589537c7e6e8859241d7d3b4a6053498c90b7aff3d3f05fa61c918cfd43
  languageName: node
  linkType: hard

"@turf/helpers@npm:7.x, @turf/helpers@npm:^7.2.0":
  version: 7.2.0
  resolution: "@turf/helpers@npm:7.2.0"
  dependencies:
    "@types/geojson": "npm:^7946.0.10"
    tslib: "npm:^2.8.1"
  checksum: 10/d40bfcb795bc23962765459670b7a201d1228ffbcb2af7667435529857dd58678d3f956a8dd7c8764d0204fe16ed47a5f398b9d31a8529c2ef148f9daa36171b
  languageName: node
  linkType: hard

"@turf/invariant@npm:^7.2.0":
  version: 7.2.0
  resolution: "@turf/invariant@npm:7.2.0"
  dependencies:
    "@turf/helpers": "npm:^7.2.0"
    "@types/geojson": "npm:^7946.0.10"
    tslib: "npm:^2.8.1"
  checksum: 10/f35ba9d18b6759f7f93833bcaf28869694c3a179fe8a669a3f7397adb88ee30301db9280ad3540531a981458d481112c6190b282445d1d9d11778ba7cd0077c3
  languageName: node
  linkType: hard

"@turf/meta@npm:^7.2.0":
  version: 7.2.0
  resolution: "@turf/meta@npm:7.2.0"
  dependencies:
    "@turf/helpers": "npm:^7.2.0"
    "@types/geojson": "npm:^7946.0.10"
  checksum: 10/50e15bc2fffbea3df618d3eab81b3f133f2ab4f8d67f8d98ec47ec9afe4bd212b28f9fc2c37363fc2da5230c7242ef768d00d6ca664db3bc8b34fcd78b275640
  languageName: node
  linkType: hard

"@turf/nearest-point@npm:7.x":
  version: 7.2.0
  resolution: "@turf/nearest-point@npm:7.2.0"
  dependencies:
    "@turf/clone": "npm:^7.2.0"
    "@turf/distance": "npm:^7.2.0"
    "@turf/helpers": "npm:^7.2.0"
    "@turf/meta": "npm:^7.2.0"
    "@types/geojson": "npm:^7946.0.10"
    tslib: "npm:^2.8.1"
  checksum: 10/ccda519b3182c764770c7c648b8fffa671df9c2fadd10801262e997933251d0e2d8098d59da0504c60a4ea57ca9582be48a371778e11416e1301af815fd2bf0d
  languageName: node
  linkType: hard

"@types/geojson@npm:^7946.0.10":
  version: 7946.0.16
  resolution: "@types/geojson@npm:7946.0.16"
  checksum: 10/34d07421bdd60e7b99fa265441d17ac6e9aef48e3ce22d04324127d0de1daf7fbaa0bd3be1cece2092eb6995f21da84afa5231e24621a2910ff7340bc98f496f
  languageName: node
  linkType: hard

"@types/lodash@npm:4.x":
  version: 4.17.4
  resolution: "@types/lodash@npm:4.17.4"
  checksum: 10/3ec19f9fc48200006e71733e08bcb1478b0398673657fcfb21a8643d41a80bcce09a01000077c3b23a3c6d86b9b314abe0672a8fdfc0fd66b893bd41955cfab8
  languageName: node
  linkType: hard

"@types/node@npm:20.x":
  version: 20.12.12
  resolution: "@types/node@npm:20.12.12"
  dependencies:
    undici-types: "npm:~5.26.4"
  checksum: 10/e3945da0a3017bdc1f88f15bdfb823f526b2a717bd58d4640082d6eb0bd2794b5c99bfb914b9e9324ec116dce36066990353ed1c777e8a7b0641f772575793c4
  languageName: node
  linkType: hard

"acorn-walk@npm:^8.1.1":
  version: 8.3.2
  resolution: "acorn-walk@npm:8.3.2"
  checksum: 10/57dbe2fd8cf744f562431775741c5c087196cd7a65ce4ccb3f3981cdfad25cd24ad2bad404997b88464ac01e789a0a61e5e355b2a84876f13deef39fb39686ca
  languageName: node
  linkType: hard

"acorn@npm:^8.4.1":
  version: 8.11.3
  resolution: "acorn@npm:8.11.3"
  bin:
    acorn: bin/acorn
  checksum: 10/b688e7e3c64d9bfb17b596e1b35e4da9d50553713b3b3630cf5690f2b023a84eac90c56851e6912b483fe60e8b4ea28b254c07e92f17ef83d72d78745a8352dd
  languageName: node
  linkType: hard

"arg@npm:^4.1.0":
  version: 4.1.3
  resolution: "arg@npm:4.1.3"
  checksum: 10/969b491082f20cad166649fa4d2073ea9e974a4e5ac36247ca23d2e5a8b3cb12d60e9ff70a8acfe26d76566c71fd351ee5e6a9a6595157eb36f92b1fd64e1599
  languageName: node
  linkType: hard

"create-require@npm:^1.1.0":
  version: 1.1.1
  resolution: "create-require@npm:1.1.1"
  checksum: 10/a9a1503d4390d8b59ad86f4607de7870b39cad43d929813599a23714831e81c520bddf61bcdd1f8e30f05fd3a2b71ae8538e946eb2786dc65c2bbc520f692eff
  languageName: node
  linkType: hard

"diff@npm:^4.0.1":
  version: 4.0.2
  resolution: "diff@npm:4.0.2"
  checksum: 10/ec09ec2101934ca5966355a229d77afcad5911c92e2a77413efda5455636c4cf2ce84057e2d7715227a2eeeda04255b849bd3ae3a4dd22eb22e86e76456df069
  languageName: node
  linkType: hard

"geojson@npm:0.x":
  version: 0.5.0
  resolution: "geojson@npm:0.5.0"
  checksum: 10/7f821b9871d6095e2dcca3d7725e61f13dcf206ce83a1fc5ef746803ce49a5fd3d2d8e716c19dbf6d9ecd4153f4e09b4921a01e87c83ddcefa9e8579ecfe9264
  languageName: node
  linkType: hard

"lodash@npm:4.x":
  version: 4.17.21
  resolution: "lodash@npm:4.17.21"
  checksum: 10/c08619c038846ea6ac754abd6dd29d2568aa705feb69339e836dfa8d8b09abbb2f859371e86863eda41848221f9af43714491467b5b0299122431e202bb0c532
  languageName: node
  linkType: hard

"make-error@npm:^1.1.1":
  version: 1.3.6
  resolution: "make-error@npm:1.3.6"
  checksum: 10/b86e5e0e25f7f777b77fabd8e2cbf15737972869d852a22b7e73c17623928fccb826d8e46b9951501d3f20e51ad74ba8c59ed584f610526a48f8ccf88aaec402
  languageName: node
  linkType: hard

"match-sorter@npm:6.x":
  version: 6.3.4
  resolution: "match-sorter@npm:6.3.4"
  dependencies:
    "@babel/runtime": "npm:^7.23.8"
    remove-accents: "npm:0.5.0"
  checksum: 10/80b6cb04415b68b32cc7ec1242cc125f95ca6a8739a787dbc5e8058a120aaf5cb4ff8f8467b6f9949a8d8a6430a44d64659894d26138a03a8c0dd6ba239d5519
  languageName: node
  linkType: hard

"point-in-polygon-hao@npm:^1.1.0":
  version: 1.2.4
  resolution: "point-in-polygon-hao@npm:1.2.4"
  dependencies:
    robust-predicates: "npm:^3.0.2"
  checksum: 10/cba3e1cda20343056797afe18eafbde01da8e3ce5e76f8ae232b22ff502b27471fd55390b5d3cc20ef5e2021cb0a3a80d34c257c49abd0b5231f38f9c35de75e
  languageName: node
  linkType: hard

"regenerator-runtime@npm:^0.14.0":
  version: 0.14.1
  resolution: "regenerator-runtime@npm:0.14.1"
  checksum: 10/5db3161abb311eef8c45bcf6565f4f378f785900ed3945acf740a9888c792f75b98ecb77f0775f3bf95502ff423529d23e94f41d80c8256e8fa05ed4b07cf471
  languageName: node
  linkType: hard

"remove-accents@npm:0.5.0":
  version: 0.5.0
  resolution: "remove-accents@npm:0.5.0"
  checksum: 10/4aa1a9d0c18468515a33c6760b0f8e28dfbceddcb846fac90b2189445445b27b11cc1df9fbceb97b4449438bc13250d77b27d4ab325b2d69933acc156d6c5b50
  languageName: node
  linkType: hard

"robust-predicates@npm:^3.0.2":
  version: 3.0.2
  resolution: "robust-predicates@npm:3.0.2"
  checksum: 10/88bd7d45a6b89e88da2631d4c111aaaf0443de4d7078e9ab7f732245790a3645cf79bf91882a9740dbc959cf56ba75d5dced5bf2259410f8b6de19fd240cd08c
  languageName: node
  linkType: hard

"ts-node@npm:10.x":
  version: 10.9.2
  resolution: "ts-node@npm:10.9.2"
  dependencies:
    "@cspotcode/source-map-support": "npm:^0.8.0"
    "@tsconfig/node10": "npm:^1.0.7"
    "@tsconfig/node12": "npm:^1.0.7"
    "@tsconfig/node14": "npm:^1.0.0"
    "@tsconfig/node16": "npm:^1.0.2"
    acorn: "npm:^8.4.1"
    acorn-walk: "npm:^8.1.1"
    arg: "npm:^4.1.0"
    create-require: "npm:^1.1.0"
    diff: "npm:^4.0.1"
    make-error: "npm:^1.1.1"
    v8-compile-cache-lib: "npm:^3.0.1"
    yn: "npm:3.1.1"
  peerDependencies:
    "@swc/core": ">=1.2.50"
    "@swc/wasm": ">=1.2.50"
    "@types/node": "*"
    typescript: ">=2.7"
  peerDependenciesMeta:
    "@swc/core":
      optional: true
    "@swc/wasm":
      optional: true
  bin:
    ts-node: dist/bin.js
    ts-node-cwd: dist/bin-cwd.js
    ts-node-esm: dist/bin-esm.js
    ts-node-script: dist/bin-script.js
    ts-node-transpile-only: dist/bin-transpile.js
    ts-script: dist/bin-script-deprecated.js
  checksum: 10/a91a15b3c9f76ac462f006fa88b6bfa528130dcfb849dd7ef7f9d640832ab681e235b8a2bc58ecde42f72851cc1d5d4e22c901b0c11aa51001ea1d395074b794
  languageName: node
  linkType: hard

"tslib@npm:^2.8.1":
  version: 2.8.1
  resolution: "tslib@npm:2.8.1"
  checksum: 10/3e2e043d5c2316461cb54e5c7fe02c30ef6dccb3384717ca22ae5c6b5bc95232a6241df19c622d9c73b809bea33b187f6dbc73030963e29950c2141bc32a79f7
  languageName: node
  linkType: hard

"typescript@npm:5.x":
  version: 5.4.5
  resolution: "typescript@npm:5.4.5"
  bin:
    tsc: bin/tsc
    tsserver: bin/tsserver
  checksum: 10/d04a9e27e6d83861f2126665aa8d84847e8ebabcea9125b9ebc30370b98cb38b5dff2508d74e2326a744938191a83a69aa9fddab41f193ffa43eabfdf3f190a5
  languageName: node
  linkType: hard

"typescript@patch:typescript@npm%3A5.x#optional!builtin<compat/typescript>":
  version: 5.4.5
  resolution: "typescript@patch:typescript@npm%3A5.4.5#optional!builtin<compat/typescript>::version=5.4.5&hash=5adc0c"
  bin:
    tsc: bin/tsc
    tsserver: bin/tsserver
  checksum: 10/760f7d92fb383dbf7dee2443bf902f4365db2117f96f875cf809167f6103d55064de973db9f78fe8f31ec08fff52b2c969aee0d310939c0a3798ec75d0bca2e1
  languageName: node
  linkType: hard

"undici-types@npm:~5.26.4":
  version: 5.26.5
  resolution: "undici-types@npm:5.26.5"
  checksum: 10/0097779d94bc0fd26f0418b3a05472410408877279141ded2bd449167be1aed7ea5b76f756562cb3586a07f251b90799bab22d9019ceba49c037c76445f7cddd
  languageName: node
  linkType: hard

"v8-compile-cache-lib@npm:^3.0.1":
  version: 3.0.1
  resolution: "v8-compile-cache-lib@npm:3.0.1"
  checksum: 10/88d3423a52b6aaf1836be779cab12f7016d47ad8430dffba6edf766695e6d90ad4adaa3d8eeb512cc05924f3e246c4a4ca51e089dccf4402caa536b5e5be8961
  languageName: node
  linkType: hard

"yn@npm:3.1.1":
  version: 3.1.1
  resolution: "yn@npm:3.1.1"
  checksum: 10/2c487b0e149e746ef48cda9f8bad10fc83693cd69d7f9dcd8be4214e985de33a29c9e24f3c0d6bcf2288427040a8947406ab27f7af67ee9456e6b84854f02dd6
  languageName: node
  linkType: hard
