# This file is generated by running "yarn install" inside your project.
# Manual changes might be lost - proceed with caution!

__metadata:
  version: 8
  cacheKey: 10

"@babel/runtime@npm:^7.27.0":
  version: 7.28.2
  resolution: "@babel/runtime@npm:7.28.2"
  checksum: 10/a0965fbdd6aaa40709290923bbe05e1c4314021f0cef608eb1d69f04f717c41829e50a53d79c4a0f461512b4be9b3c0190dc19387b219bcdaacdd793b2fe1b8a
  languageName: node
  linkType: hard

"@globalfishingwatch/i18n-labels@workspace:.":
  version: 0.0.0-use.local
  resolution: "@globalfishingwatch/i18n-labels@workspace:."
  dependencies:
    i18next-resources-for-ts: "npm:1.7.4"
  languageName: unknown
  linkType: soft

"i18next-resources-for-ts@npm:1.7.4":
  version: 1.7.4
  resolution: "i18next-resources-for-ts@npm:1.7.4"
  dependencies:
    "@babel/runtime": "npm:^7.27.0"
    yaml: "npm:^2.7.1"
  bin:
    i18next-resources-for-ts: bin/i18next-resources-for-ts.js
  checksum: 10/02ce71939dc6f38672d3b33281367ad7f2c52623371fd88fc1d0033eac5a6385ef45fed49c7a49e5bac0f9a8a97cdc95ec3ee1c68f26cc75dcbdcb5b525ca6cc
  languageName: node
  linkType: hard

"yaml@npm:^2.7.1":
  version: 2.8.0
  resolution: "yaml@npm:2.8.0"
  bin:
    yaml: bin.mjs
  checksum: 10/7d4bd9c10d0e467601f496193f2ac254140f8e36f96f5ff7f852b9ce37974168eb7354f4c36dc8837dde527a2043d004b6aff48818ec24a69ab2dd3c6b6c381c
  languageName: node
  linkType: hard
