# This file is generated by running "yarn install" inside your project.
# Manual changes might be lost - proceed with caution!

__metadata:
  version: 8
  cacheKey: 10

"@babel/runtime@npm:^7.27.0":
  version: 7.28.2
  resolution: "@babel/runtime@npm:7.28.2"
  checksum: 10/a0965fbdd6aaa40709290923bbe05e1c4314021f0cef608eb1d69f04f717c41829e50a53d79c4a0f461512b4be9b3c0190dc19387b219bcdaacdd793b2fe1b8a
  languageName: node
  linkType: hard

"@globalfishingwatch/i18n-labels@workspace:.":
  version: 0.0.0-use.local
  resolution: "@globalfishingwatch/i18n-labels@workspace:."
  dependencies:
    i18next-resources-for-ts: "npm:1.6.0"
  languageName: unknown
  linkType: soft

"i18next-resources-for-ts@npm:1.6.0":
  version: 1.6.0
  resolution: "i18next-resources-for-ts@npm:1.6.0"
  dependencies:
    "@babel/runtime": "npm:^7.27.0"
    yaml: "npm:^2.7.1"
  bin:
    i18next-resources-for-ts: bin/i18next-resources-for-ts.js
  checksum: 10/e6f98c606adc4c31e7f757dded5cf609042f515bb32ce8bd4609e3bd09ea06a0a8ff2ff07cdf888b605ad295df7b3ebdfa0936c01566ff08944f7978331d5b65
  languageName: node
  linkType: hard

"yaml@npm:^2.7.1":
  version: 2.8.0
  resolution: "yaml@npm:2.8.0"
  bin:
    yaml: bin.mjs
  checksum: 10/7d4bd9c10d0e467601f496193f2ac254140f8e36f96f5ff7f852b9ce37974168eb7354f4c36dc8837dde527a2043d004b6aff48818ec24a69ab2dd3c6b6c381c
  languageName: node
  linkType: hard
